// !$*UTF8*$!
{
	archiveVersion = 1;
	classes = {
	};
	objectVersion = 55;
	objects = {

/* Begin PBXBuildFile section */
		8B62050828A82E6900BA6483 /* PlusTwoViewController.swift in Sources */ = {isa = PBXBuildFile; fileRef = 8B62050728A82E6900BA6483 /* PlusTwoViewController.swift */; };
		8BFAB7DC28A7B208003CBFBF /* AppDelegate.swift in Sources */ = {isa = PBXBuildFile; fileRef = 8BFAB7DB28A7B208003CBFBF /* AppDelegate.swift */; };
		8BFAB7DE28A7B208003CBFBF /* SceneDelegate.swift in Sources */ = {isa = PBXBuildFile; fileRef = 8BFAB7DD28A7B208003CBFBF /* SceneDelegate.swift */; };
		8BFAB7E028A7B208003CBFBF /* ViewController.swift in Sources */ = {isa = PBXBuildFile; fileRef = 8BFAB7DF28A7B208003CBFBF /* ViewController.swift */; };
		8BFAB7E328A7B208003CBFBF /* Main.storyboard in Resources */ = {isa = PBXBuildFile; fileRef = 8BFAB7E128A7B208003CBFBF /* Main.storyboard */; };
		8BFAB7E528A7B209003CBFBF /* Assets.xcassets in Resources */ = {isa = PBXBuildFile; fileRef = 8BFAB7E428A7B209003CBFBF /* Assets.xcassets */; };
		8BFAB7E828A7B209003CBFBF /* LaunchScreen.storyboard in Resources */ = {isa = PBXBuildFile; fileRef = 8BFAB7E628A7B209003CBFBF /* LaunchScreen.storyboard */; };
		8BFAB7F128A7BD13003CBFBF /* click.mp3 in Resources */ = {isa = PBXBuildFile; fileRef = 8BFAB7EF28A7BD13003CBFBF /* click.mp3 */; };
		8BFAB7F228A7BD13003CBFBF /* reset-click.mp3 in Resources */ = {isa = PBXBuildFile; fileRef = 8BFAB7F028A7BD13003CBFBF /* reset-click.mp3 */; };
/* End PBXBuildFile section */

/* Begin PBXFileReference section */
		8B62050728A82E6900BA6483 /* PlusTwoViewController.swift */ = {isa = PBXFileReference; lastKnownFileType = sourcecode.swift; path = PlusTwoViewController.swift; sourceTree = "<group>"; };
		8BFAB7D828A7B208003CBFBF /* CounterClickeriOS.app */ = {isa = PBXFileReference; explicitFileType = wrapper.application; includeInIndex = 0; path = CounterClickeriOS.app; sourceTree = BUILT_PRODUCTS_DIR; };
		8BFAB7DB28A7B208003CBFBF /* AppDelegate.swift */ = {isa = PBXFileReference; lastKnownFileType = sourcecode.swift; path = AppDelegate.swift; sourceTree = "<group>"; };
		8BFAB7DD28A7B208003CBFBF /* SceneDelegate.swift */ = {isa = PBXFileReference; lastKnownFileType = sourcecode.swift; path = SceneDelegate.swift; sourceTree = "<group>"; };
		8BFAB7DF28A7B208003CBFBF /* ViewController.swift */ = {isa = PBXFileReference; lastKnownFileType = sourcecode.swift; path = ViewController.swift; sourceTree = "<group>"; };
		8BFAB7E228A7B208003CBFBF /* Base */ = {isa = PBXFileReference; lastKnownFileType = file.storyboard; name = Base; path = Base.lproj/Main.storyboard; sourceTree = "<group>"; };
		8BFAB7E428A7B209003CBFBF /* Assets.xcassets */ = {isa = PBXFileReference; lastKnownFileType = folder.assetcatalog; path = Assets.xcassets; sourceTree = "<group>"; };
		8BFAB7E728A7B209003CBFBF /* Base */ = {isa = PBXFileReference; lastKnownFileType = file.storyboard; name = Base; path = Base.lproj/LaunchScreen.storyboard; sourceTree = "<group>"; };
		8BFAB7E928A7B209003CBFBF /* Info.plist */ = {isa = PBXFileReference; lastKnownFileType = text.plist.xml; path = Info.plist; sourceTree = "<group>"; };
		8BFAB7EF28A7BD13003CBFBF /* click.mp3 */ = {isa = PBXFileReference; lastKnownFileType = audio.mp3; name = click.mp3; path = Assets.xcassets/click.dataset/click.mp3; sourceTree = "<group>"; };
		8BFAB7F028A7BD13003CBFBF /* reset-click.mp3 */ = {isa = PBXFileReference; lastKnownFileType = audio.mp3; name = "reset-click.mp3"; path = "Assets.xcassets/reset-click.dataset/reset-click.mp3"; sourceTree = "<group>"; };
/* End PBXFileReference section */

/* Begin PBXFrameworksBuildPhase section */
		8BFAB7D528A7B208003CBFBF /* Frameworks */ = {
			isa = PBXFrameworksBuildPhase;
			buildActionMask = 2147483647;
			files = (
			);
			runOnlyForDeploymentPostprocessing = 0;
		};
/* End PBXFrameworksBuildPhase section */

/* Begin PBXGroup section */
		8BFAB7CF28A7B208003CBFBF = {
			isa = PBXGroup;
			children = (
				8BFAB7DA28A7B208003CBFBF /* CounterClickeriOS */,
				8BFAB7D928A7B208003CBFBF /* Products */,
			);
			sourceTree = "<group>";
		};
		8BFAB7D928A7B208003CBFBF /* Products */ = {
			isa = PBXGroup;
			children = (
				8BFAB7D828A7B208003CBFBF /* CounterClickeriOS.app */,
			);
			name = Products;
			sourceTree = "<group>";
		};
		8BFAB7DA28A7B208003CBFBF /* CounterClickeriOS */ = {
			isa = PBXGroup;
			children = (
				8BFAB7DB28A7B208003CBFBF /* AppDelegate.swift */,
				8BFAB7DD28A7B208003CBFBF /* SceneDelegate.swift */,
				8BFAB7DF28A7B208003CBFBF /* ViewController.swift */,
				8B62050728A82E6900BA6483 /* PlusTwoViewController.swift */,
				8BFAB7E128A7B208003CBFBF /* Main.storyboard */,
				8BFAB7EF28A7BD13003CBFBF /* click.mp3 */,
				8BFAB7F028A7BD13003CBFBF /* reset-click.mp3 */,
				8BFAB7E428A7B209003CBFBF /* Assets.xcassets */,
				8BFAB7E628A7B209003CBFBF /* LaunchScreen.storyboard */,
				8BFAB7E928A7B209003CBFBF /* Info.plist */,
			);
			path = CounterClickeriOS;
			sourceTree = "<group>";
		};
/* End PBXGroup section */

/* Begin PBXNativeTarget section */
		8BFAB7D728A7B208003CBFBF /* CounterClickeriOS */ = {
			isa = PBXNativeTarget;
			buildConfigurationList = 8BFAB7EC28A7B209003CBFBF /* Build configuration list for PBXNativeTarget "CounterClickeriOS" */;
			buildPhases = (
				8BFAB7D428A7B208003CBFBF /* Sources */,
				8BFAB7D528A7B208003CBFBF /* Frameworks */,
				8BFAB7D628A7B208003CBFBF /* Resources */,
			);
			buildRules = (
			);
			dependencies = (
			);
			name = CounterClickeriOS;
			productName = CounterClickeriOS;
			productReference = 8BFAB7D828A7B208003CBFBF /* CounterClickeriOS.app */;
			productType = "com.apple.product-type.application";
		};
/* End PBXNativeTarget section */

/* Begin PBXProject section */
		8BFAB7D028A7B208003CBFBF /* Project object */ = {
			isa = PBXProject;
			attributes = {
				BuildIndependentTargetsInParallel = 1;
				LastSwiftUpdateCheck = 1340;
				LastUpgradeCheck = 1340;
				TargetAttributes = {
					8BFAB7D728A7B208003CBFBF = {
						CreatedOnToolsVersion = 13.4.1;
					};
				};
			};
			buildConfigurationList = 8BFAB7D328A7B208003CBFBF /* Build configuration list for PBXProject "CounterClickeriOS" */;
			compatibilityVersion = "Xcode 13.0";
			developmentRegion = en;
			hasScannedForEncodings = 0;
			knownRegions = (
				en,
				Base,
			);
			mainGroup = 8BFAB7CF28A7B208003CBFBF;
			productRefGroup = 8BFAB7D928A7B208003CBFBF /* Products */;
			projectDirPath = "";
			projectRoot = "";
			targets = (
				8BFAB7D728A7B208003CBFBF /* CounterClickeriOS */,
			);
		};
/* End PBXProject section */

/* Begin PBXResourcesBuildPhase section */
		8BFAB7D628A7B208003CBFBF /* Resources */ = {
			isa = PBXResourcesBuildPhase;
			buildActionMask = 2147483647;
			files = (
				8BFAB7E828A7B209003CBFBF /* LaunchScreen.storyboard in Resources */,
				8BFAB7F128A7BD13003CBFBF /* click.mp3 in Resources */,
				8BFAB7E528A7B209003CBFBF /* Assets.xcassets in Resources */,
				8BFAB7F228A7BD13003CBFBF /* reset-click.mp3 in Resources */,
				8BFAB7E328A7B208003CBFBF /* Main.storyboard in Resources */,
			);
			runOnlyForDeploymentPostprocessing = 0;
		};
/* End PBXResourcesBuildPhase section */

/* Begin PBXSourcesBuildPhase section */
		8BFAB7D428A7B208003CBFBF /* Sources */ = {
			isa = PBXSourcesBuildPhase;
			buildActionMask = 2147483647;
			files = (
				8BFAB7E028A7B208003CBFBF /* ViewController.swift in Sources */,
				8BFAB7DC28A7B208003CBFBF /* AppDelegate.swift in Sources */,
				8BFAB7DE28A7B208003CBFBF /* SceneDelegate.swift in Sources */,
				8B62050828A82E6900BA6483 /* PlusTwoViewController.swift in Sources */,
			);
			runOnlyForDeploymentPostprocessing = 0;
		};
/* End PBXSourcesBuildPhase section */

/* Begin PBXVariantGroup section */
		8BFAB7E128A7B208003CBFBF /* Main.storyboard */ = {
			isa = PBXVariantGroup;
			children = (
				8BFAB7E228A7B208003CBFBF /* Base */,
			);
			name = Main.storyboard;
			sourceTree = "<group>";
		};
		8BFAB7E628A7B209003CBFBF /* LaunchScreen.storyboard */ = {
			isa = PBXVariantGroup;
			children = (
				8BFAB7E728A7B209003CBFBF /* Base */,
			);
			name = LaunchScreen.storyboard;
			sourceTree = "<group>";
		};
/* End PBXVariantGroup section */

/* Begin XCBuildConfiguration section */
		8BFAB7EA28A7B209003CBFBF /* Debug */ = {
			isa = XCBuildConfiguration;
			buildSettings = {
				ALWAYS_SEARCH_USER_PATHS = NO;
				CLANG_ANALYZER_NONNULL = YES;
				CLANG_ANALYZER_NUMBER_OBJECT_CONVERSION = YES_AGGRESSIVE;
				CLANG_CXX_LANGUAGE_STANDARD = "gnu++17";
				CLANG_ENABLE_MODULES = YES;
				CLANG_ENABLE_OBJC_ARC = YES;
				CLANG_ENABLE_OBJC_WEAK = YES;
				CLANG_WARN_BLOCK_CAPTURE_AUTORELEASING = YES;
				CLANG_WARN_BOOL_CONVERSION = YES;
				CLANG_WARN_COMMA = YES;
				CLANG_WARN_CONSTANT_CONVERSION = YES;
				CLANG_WARN_DEPRECATED_OBJC_IMPLEMENTATIONS = YES;
				CLANG_WARN_DIRECT_OBJC_ISA_USAGE = YES_ERROR;
				CLANG_WARN_DOCUMENTATION_COMMENTS = YES;
				CLANG_WARN_EMPTY_BODY = YES;
				CLANG_WARN_ENUM_CONVERSION = YES;
				CLANG_WARN_INFINITE_RECURSION = YES;
				CLANG_WARN_INT_CONVERSION = YES;
				CLANG_WARN_NON_LITERAL_NULL_CONVERSION = YES;
				CLANG_WARN_OBJC_IMPLICIT_RETAIN_SELF = YES;
				CLANG_WARN_OBJC_LITERAL_CONVERSION = YES;
				CLANG_WARN_OBJC_ROOT_CLASS = YES_ERROR;
				CLANG_WARN_QUOTED_INCLUDE_IN_FRAMEWORK_HEADER = YES;
				CLANG_WARN_RANGE_LOOP_ANALYSIS = YES;
				CLANG_WARN_STRICT_PROTOTYPES = YES;
				CLANG_WARN_SUSPICIOUS_MOVE = YES;
				CLANG_WARN_UNGUARDED_AVAILABILITY = YES_AGGRESSIVE;
				CLANG_WARN_UNREACHABLE_CODE = YES;
				CLANG_WARN__DUPLICATE_METHOD_MATCH = YES;
				COPY_PHASE_STRIP = NO;
				DEBUG_INFORMATION_FORMAT = dwarf;
				ENABLE_STRICT_OBJC_MSGSEND = YES;
				ENABLE_TESTABILITY = YES;
				GCC_C_LANGUAGE_STANDARD = gnu11;
				GCC_DYNAMIC_NO_PIC = NO;
				GCC_NO_COMMON_BLOCKS = YES;
				GCC_OPTIMIZATION_LEVEL = 0;
				GCC_PREPROCESSOR_DEFINITIONS = (
					"DEBUG=1",
					"$(inherited)",
				);
				GCC_WARN_64_TO_32_BIT_CONVERSION = YES;
				GCC_WARN_ABOUT_RETURN_TYPE = YES_ERROR;
				GCC_WARN_UNDECLARED_SELECTOR = YES;
				GCC_WARN_UNINITIALIZED_AUTOS = YES_AGGRESSIVE;
				GCC_WARN_UNUSED_FUNCTION = YES;
				GCC_WARN_UNUSED_VARIABLE = YES;
				IPHONEOS_DEPLOYMENT_TARGET = 15.5;
				MTL_ENABLE_DEBUG_INFO = INCLUDE_SOURCE;
				MTL_FAST_MATH = YES;
				ONLY_ACTIVE_ARCH = YES;
				SDKROOT = iphoneos;
				SWIFT_ACTIVE_COMPILATION_CONDITIONS = DEBUG;
				SWIFT_OPTIMIZATION_LEVEL = "-Onone";
			};
			name = Debug;
		};
		8BFAB7EB28A7B209003CBFBF /* Release */ = {
			isa = XCBuildConfiguration;
			buildSettings = {
				ALWAYS_SEARCH_USER_PATHS = NO;
				CLANG_ANALYZER_NONNULL = YES;
				CLANG_ANALYZER_NUMBER_OBJECT_CONVERSION = YES_AGGRESSIVE;
				CLANG_CXX_LANGUAGE_STANDARD = "gnu++17";
				CLANG_ENABLE_MODULES = YES;
				CLANG_ENABLE_OBJC_ARC = YES;
				CLANG_ENABLE_OBJC_WEAK = YES;
				CLANG_WARN_BLOCK_CAPTURE_AUTORELEASING = YES;
				CLANG_WARN_BOOL_CONVERSION = YES;
				CLANG_WARN_COMMA = YES;
				CLANG_WARN_CONSTANT_CONVERSION = YES;
				CLANG_WARN_DEPRECATED_OBJC_IMPLEMENTATIONS = YES;
				CLANG_WARN_DIRECT_OBJC_ISA_USAGE = YES_ERROR;
				CLANG_WARN_DOCUMENTATION_COMMENTS = YES;
				CLANG_WARN_EMPTY_BODY = YES;
				CLANG_WARN_ENUM_CONVERSION = YES;
				CLANG_WARN_INFINITE_RECURSION = YES;
				CLANG_WARN_INT_CONVERSION = YES;
				CLANG_WARN_NON_LITERAL_NULL_CONVERSION = YES;
				CLANG_WARN_OBJC_IMPLICIT_RETAIN_SELF = YES;
				CLANG_WARN_OBJC_LITERAL_CONVERSION = YES;
				CLANG_WARN_OBJC_ROOT_CLASS = YES_ERROR;
				CLANG_WARN_QUOTED_INCLUDE_IN_FRAMEWORK_HEADER = YES;
				CLANG_WARN_RANGE_LOOP_ANALYSIS = YES;
				CLANG_WARN_STRICT_PROTOTYPES = YES;
				CLANG_WARN_SUSPICIOUS_MOVE = YES;
				CLANG_WARN_UNGUARDED_AVAILABILITY = YES_AGGRESSIVE;
				CLANG_WARN_UNREACHABLE_CODE = YES;
				CLANG_WARN__DUPLICATE_METHOD_MATCH = YES;
				COPY_PHASE_STRIP = NO;
				DEBUG_INFORMATION_FORMAT = "dwarf-with-dsym";
				ENABLE_NS_ASSERTIONS = NO;
				ENABLE_STRICT_OBJC_MSGSEND = YES;
				GCC_C_LANGUAGE_STANDARD = gnu11;
				GCC_NO_COMMON_BLOCKS = YES;
				GCC_WARN_64_TO_32_BIT_CONVERSION = YES;
				GCC_WARN_ABOUT_RETURN_TYPE = YES_ERROR;
				GCC_WARN_UNDECLARED_SELECTOR = YES;
				GCC_WARN_UNINITIALIZED_AUTOS = YES_AGGRESSIVE;
				GCC_WARN_UNUSED_FUNCTION = YES;
				GCC_WARN_UNUSED_VARIABLE = YES;
				IPHONEOS_DEPLOYMENT_TARGET = 15.5;
				MTL_ENABLE_DEBUG_INFO = NO;
				MTL_FAST_MATH = YES;
				SDKROOT = iphoneos;
				SWIFT_COMPILATION_MODE = wholemodule;
				SWIFT_OPTIMIZATION_LEVEL = "-O";
				VALIDATE_PRODUCT = YES;
			};
			name = Release;
		};
		8BFAB7ED28A7B209003CBFBF /* Debug */ = {
			isa = XCBuildConfiguration;
			buildSettings = {
				ASSETCATALOG_COMPILER_APPICON_NAME = AppIcon;
				ASSETCATALOG_COMPILER_GLOBAL_ACCENT_COLOR_NAME = AccentColor;
				CODE_SIGN_STYLE = Automatic;
				CURRENT_PROJECT_VERSION = 1;
				DEVELOPMENT_TEAM = 5PN5V7R5QD;
				GENERATE_INFOPLIST_FILE = YES;
				INFOPLIST_FILE = CounterClickeriOS/Info.plist;
				INFOPLIST_KEY_UIApplicationSupportsIndirectInputEvents = YES;
				INFOPLIST_KEY_UILaunchStoryboardName = LaunchScreen;
				INFOPLIST_KEY_UIMainStoryboardFile = Main;
				INFOPLIST_KEY_UISupportedInterfaceOrientations_iPad = "UIInterfaceOrientationPortrait UIInterfaceOrientationPortraitUpsideDown UIInterfaceOrientationLandscapeLeft UIInterfaceOrientationLandscapeRight";
				INFOPLIST_KEY_UISupportedInterfaceOrientations_iPhone = "UIInterfaceOrientationPortrait UIInterfaceOrientationLandscapeLeft UIInterfaceOrientationLandscapeRight";
				LD_RUNPATH_SEARCH_PATHS = (
					"$(inherited)",
					"@executable_path/Frameworks",
				);
				MARKETING_VERSION = 1.0;
				PRODUCT_BUNDLE_IDENTIFIER = "simon-vincent.CounterClickeriOS";
				PRODUCT_NAME = "$(TARGET_NAME)";
				SWIFT_EMIT_LOC_STRINGS = YES;
				SWIFT_VERSION = 5.0;
				TARGETED_DEVICE_FAMILY = "1,2";
			};
			name = Debug;
		};
		8BFAB7EE28A7B209003CBFBF /* Release */ = {
			isa = XCBuildConfiguration;
			buildSettings = {
				ASSETCATALOG_COMPILER_APPICON_NAME = AppIcon;
				ASSETCATALOG_COMPILER_GLOBAL_ACCENT_COLOR_NAME = AccentColor;
				CODE_SIGN_STYLE = Automatic;
				CURRENT_PROJECT_VERSION = 1;
				DEVELOPMENT_TEAM = 5PN5V7R5QD;
				GENERATE_INFOPLIST_FILE = YES;
				INFOPLIST_FILE = CounterClickeriOS/Info.plist;
				INFOPLIST_KEY_UIApplicationSupportsIndirectInputEvents = YES;
				INFOPLIST_KEY_UILaunchStoryboardName = LaunchScreen;
				INFOPLIST_KEY_UIMainStoryboardFile = Main;
				INFOPLIST_KEY_UISupportedInterfaceOrientations_iPad = "UIInterfaceOrientationPortrait UIInterfaceOrientationPortraitUpsideDown UIInterfaceOrientationLandscapeLeft UIInterfaceOrientationLandscapeRight";
				INFOPLIST_KEY_UISupportedInterfaceOrientations_iPhone = "UIInterfaceOrientationPortrait UIInterfaceOrientationLandscapeLeft UIInterfaceOrientationLandscapeRight";
				LD_RUNPATH_SEARCH_PATHS = (
					"$(inherited)",
					"@executable_path/Frameworks",
				);
				MARKETING_VERSION = 1.0;
				PRODUCT_BUNDLE_IDENTIFIER = "simon-vincent.CounterClickeriOS";
				PRODUCT_NAME = "$(TARGET_NAME)";
				SWIFT_EMIT_LOC_STRINGS = YES;
				SWIFT_VERSION = 5.0;
				TARGETED_DEVICE_FAMILY = "1,2";
			};
			name = Release;
		};
/* End XCBuildConfiguration section */

/* Begin XCConfigurationList section */
		8BFAB7D328A7B208003CBFBF /* Build configuration list for PBXProject "CounterClickeriOS" */ = {
			isa = XCConfigurationList;
			buildConfigurations = (
				8BFAB7EA28A7B209003CBFBF /* Debug */,
				8BFAB7EB28A7B209003CBFBF /* Release */,
			);
			defaultConfigurationIsVisible = 0;
			defaultConfigurationName = Release;
		};
		8BFAB7EC28A7B209003CBFBF /* Build configuration list for PBXNativeTarget "CounterClickeriOS" */ = {
			isa = XCConfigurationList;
			buildConfigurations = (
				8BFAB7ED28A7B209003CBFBF /* Debug */,
				8BFAB7EE28A7B209003CBFBF /* Release */,
			);
			defaultConfigurationIsVisible = 0;
			defaultConfigurationName = Release;
		};
/* End XCConfigurationList section */
	};
	rootObject = 8BFAB7D028A7B208003CBFBF /* Project object */;
}
